
Microsoft Visual Studio Solution File, Format Version 12.00
# Visual Studio 15
VisualStudioVersion = 15.0.26730.16
MinimumVisualStudioVersion = 10.0.40219.1
Project("{FAE04EC0-301F-11D3-BF4B-00C04F79EFBC}") = "ContactManager", "ContactManager\ContactManager.csproj", "{5CDAB787-AAB6-4F38-A158-E3467973D6F4}"
EndProject
Global
	GlobalSection(SolutionConfigurationPlatforms) = preSolution
		Debug|Any CPU = Debug|Any CPU
		Release|Any CPU = Release|Any CPU
	EndGlobalSection
	GlobalSection(ProjectConfigurationPlatforms) = postSolution
		{5CDAB787-AAB6-4F38-A158-E3467973D6F4}.Debug|Any CPU.ActiveCfg = Debug|Any CPU
		{5CDAB787-AAB6-4F38-A158-E3467973D6F4}.Debug|Any CPU.Build.0 = Debug|Any CPU
		{5CDAB787-AAB6-4F38-A158-E3467973D6F4}.Release|Any CPU.ActiveCfg = Release|Any CPU
		{5CDAB787-AAB6-4F38-A158-E3467973D6F4}.Release|Any CPU.Build.0 = Release|Any CPU
	EndGlobalSection
	GlobalSection(SolutionProperties) = preSolution
		HideSolutionNode = FALSE
	EndGlobalSection
	GlobalSection(ExtensibilityGlobals) = postSolution
		SolutionGuid = {65C051FD-966E-474D-9E30-9F068F9BD560}
	EndGlobalSection
EndGlobal
